
Microsoft Visual Studio Solution File, Format Version 12.00
# Visual Studio Version 16
VisualStudioVersion = 16.0.29613.14
MinimumVisualStudioVersion = 10.0.40219.1
Project("{FAE04EC0-301F-11D3-BF4B-00C04F79EFBC}") = "VideoGameDependencyInjectiondemo", "VideoGameDependencyInjectiondemo\VideoGameDependencyInjectiondemo.csproj", "{C7973159-622E-48AD-8033-C03FF9CDF17D}"
EndProject
Global
	GlobalSection(SolutionConfigurationPlatforms) = preSolution
		Debug|Any CPU = Debug|Any CPU
		Release|Any CPU = Release|Any CPU
	EndGlobalSection
	GlobalSection(ProjectConfigurationPlatforms) = postSolution
		{C7973159-622E-48AD-8033-C03FF9CDF17D}.Debug|Any CPU.ActiveCfg = Debug|Any CPU
		{C7973159-622E-48AD-8033-C03FF9CDF17D}.Debug|Any CPU.Build.0 = Debug|Any CPU
		{C7973159-622E-48AD-8033-C03FF9CDF17D}.Release|Any CPU.ActiveCfg = Release|Any CPU
		{C7973159-622E-48AD-8033-C03FF9CDF17D}.Release|Any CPU.Build.0 = Release|Any CPU
	EndGlobalSection
	GlobalSection(SolutionProperties) = preSolution
		HideSolutionNode = FALSE
	EndGlobalSection
	GlobalSection(ExtensibilityGlobals) = postSolution
		SolutionGuid = {E54BEA2D-E84D-4BA0-81A4-6EFDD52B446A}
	EndGlobalSection
EndGlobal
